{
  "version": 4,
  "terraform_version": "1.9.8",
  "serial": 149,
  "lineage": "3265781c-63db-e846-1b25-9e73b040479b",
  "outputs": {
    "email_architecture": {
      "value": "CF Email Routing (MX) → Worker email-forwarder → smtp-proxy (oci-mail:8080) → Stalwart :25",
      "type": "string"
    }
  },
  "resources": [
    {
      "mode": "managed",
      "type": "cloudflare_email_routing_address",
      "name": "backup",
      "provider": "provider[\"registry.terraform.io/cloudflare/cloudflare\"]",
      "instances": [
        {
          "schema_version": 1,
          "attributes": {
            "account_id": "e5cb0a0c6f448e54f217de484259f0ae",
            "created": "2026-01-14 17:50:36.4666 +0000 UTC",
            "email": "diegonmarcos@live.com",
            "id": "58b860a2dfa74731a87205f2eec6c6fe",
            "modified": "2026-01-14 17:52:08.954526 +0000 UTC",
            "tag": "58b860a2dfa74731a87205f2eec6c6fe",
            "verified": "2026-01-14 17:52:08.954526 +0000 UTC"
          },
          "sensitive_attributes": []
        }
      ]
    },
    {
      "mode": "managed",
      "type": "cloudflare_email_routing_rule",
      "name": "rules",
      "provider": "provider[\"registry.terraform.io/cloudflare/cloudflare\"]",
      "instances": [
        {
          "index_key": "Forward to Worker (Gmail + Stalwart)",
          "schema_version": 1,
          "attributes": {
            "action": [
              {
                "type": "worker",
                "value": [
                  "email-forwarder"
                ]
              }
            ],
            "enabled": true,
            "id": "921285ad78de47b091e5bf49ce803ba4",
            "matcher": [
              {
                "field": "to",
                "type": "literal",
                "value": "me@diegonmarcos.com"
              }
            ],
            "name": "Forward to Worker (Gmail + Stalwart)",
            "priority": 0,
            "tag": "921285ad78de47b091e5bf49ce803ba4",
            "zone_id": "ff4335cc9c7de42e580d0dff9a0d70eb"
          },
          "sensitive_attributes": []
        }
      ]
    },
    {
      "mode": "managed",
      "type": "cloudflare_record",
      "name": "a_records",
      "provider": "provider[\"registry.terraform.io/cloudflare/cloudflare\"]",
      "instances": [
        {
          "index_key": "*",
          "schema_version": 3,
          "attributes": {
            "allow_overwrite": false,
            "comment": "Wildcard catch-all → GCP Caddy",
            "content": "35.226.147.64",
            "created_on": "2026-03-28T14:42:54.924726Z",
            "data": [],
            "hostname": "*.diegonmarcos.com",
            "id": "bcb3ccb212704a2448b17a62e6e8ce0a",
            "metadata": {},
            "modified_on": "2026-03-28T14:42:54.924726Z",
            "name": "*",
            "priority": null,
            "proxiable": true,
            "proxied": false,
            "tags": null,
            "timeouts": null,
            "ttl": 1,
            "type": "A",
            "value": null,
            "zone_id": "ff4335cc9c7de42e580d0dff9a0d70eb"
          },
          "sensitive_attributes": [],
          "private": "eyJlMmJmYjczMC1lY2FhLTExZTYtOGY4OC0zNDM2M2JjN2M0YzAiOnsiY3JlYXRlIjozMDAwMDAwMDAwMCwidXBkYXRlIjozMDAwMDAwMDAwMH0sInNjaGVtYV92ZXJzaW9uIjoiMyJ9"
        },
        {
          "index_key": "diegonmarcos.com",
          "schema_version": 3,
          "attributes": {
            "allow_overwrite": false,
            "comment": "",
            "content": "35.226.147.64",
            "created_on": "2026-03-28T14:42:55.217708Z",
            "data": [],
            "hostname": "diegonmarcos.com",
            "id": "f56c010e730059cf5f828d6c5135a008",
            "metadata": {},
            "modified_on": "2026-03-28T14:42:55.217708Z",
            "name": "diegonmarcos.com",
            "priority": null,
            "proxiable": true,
            "proxied": false,
            "tags": null,
            "timeouts": null,
            "ttl": 300,
            "type": "A",
            "value": null,
            "zone_id": "ff4335cc9c7de42e580d0dff9a0d70eb"
          },
          "sensitive_attributes": [],
          "private": "eyJlMmJmYjczMC1lY2FhLTExZTYtOGY4OC0zNDM2M2JjN2M0YzAiOnsiY3JlYXRlIjozMDAwMDAwMDAwMCwidXBkYXRlIjozMDAwMDAwMDAwMH0sInNjaGVtYV92ZXJzaW9uIjoiMyJ9"
        },
        {
          "index_key": "mail",
          "schema_version": 3,
          "attributes": {
            "allow_overwrite": null,
            "comment": "Caddy L4: webmail+IMAP+SMTP (needs A, wildcard skips)",
            "content": null,
            "created_on": "2026-03-18T17:58:17.479261Z",
            "data": [],
            "hostname": "mail.diegonmarcos.com",
            "id": "74a508b19674dd730f371e29a5073b5d",
            "metadata": {},
            "modified_on": "2026-03-18T17:58:17.479261Z",
            "name": "mail",
            "priority": null,
            "proxiable": true,
            "proxied": false,
            "tags": [],
            "timeouts": null,
            "ttl": 300,
            "type": "A",
            "value": null,
            "zone_id": "ff4335cc9c7de42e580d0dff9a0d70eb"
          },
          "sensitive_attributes": [],
          "private": "eyJlMmJmYjczMC1lY2FhLTExZTYtOGY4OC0zNDM2M2JjN2M0YzAiOnsiY3JlYXRlIjozMDAwMDAwMDAwMCwidXBkYXRlIjozMDAwMDAwMDAwMH0sInNjaGVtYV92ZXJzaW9uIjoiMyJ9"
        },
        {
          "index_key": "www",
          "schema_version": 3,
          "attributes": {
            "allow_overwrite": false,
            "comment": "",
            "content": "35.226.147.64",
            "created_on": "2026-03-28T14:42:55.669398Z",
            "data": [],
            "hostname": "www.diegonmarcos.com",
            "id": "3958ec3835872ad4d8c12ac4f26db439",
            "metadata": {},
            "modified_on": "2026-03-28T14:42:55.669398Z",
            "name": "www",
            "priority": null,
            "proxiable": true,
            "proxied": false,
            "tags": null,
            "timeouts": null,
            "ttl": 300,
            "type": "A",
            "value": null,
            "zone_id": "ff4335cc9c7de42e580d0dff9a0d70eb"
          },
          "sensitive_attributes": [],
          "private": "eyJlMmJmYjczMC1lY2FhLTExZTYtOGY4OC0zNDM2M2JjN2M0YzAiOnsiY3JlYXRlIjozMDAwMDAwMDAwMCwidXBkYXRlIjozMDAwMDAwMDAwMH0sInNjaGVtYV92ZXJzaW9uIjoiMyJ9"
        }
      ]
    },
    {
      "mode": "managed",
      "type": "cloudflare_record",
      "name": "caa_records",
      "provider": "provider[\"registry.terraform.io/cloudflare/cloudflare\"]",
      "instances": [
        {
          "index_key": "caa_letsencrypt",
          "schema_version": 3,
          "attributes": {
            "allow_overwrite": false,
            "comment": "CAA: restrict cert issuance to Let's Encrypt only",
            "content": "0 issue \"letsencrypt.org\"",
            "created_on": "2026-03-28T14:42:49.421617Z",
            "data": [
              {
                "algorithm": 0,
                "altitude": 0,
                "certificate": "",
                "content": "",
                "digest": "",
                "digest_type": 0,
                "fingerprint": "",
                "flags": "0",
                "key_tag": 0,
                "lat_degrees": 0,
                "lat_direction": "",
                "lat_minutes": 0,
                "lat_seconds": 0,
                "long_degrees": 0,
                "long_direction": "",
                "long_minutes": 0,
                "long_seconds": 0,
                "matching_type": 0,
                "name": "",
                "order": 0,
                "port": 0,
                "precision_horz": 0,
                "precision_vert": 0,
                "preference": 0,
                "priority": 0,
                "proto": "",
                "protocol": 0,
                "public_key": "",
                "regex": "",
                "replacement": "",
                "selector": 0,
                "service": "",
                "size": 0,
                "tag": "issue",
                "target": "",
                "type": 0,
                "usage": 0,
                "value": "letsencrypt.org",
                "weight": 0
              }
            ],
            "hostname": "diegonmarcos.com",
            "id": "2c69a10e8a4d0106683749beb65aede5",
            "metadata": {},
            "modified_on": "2026-03-28T14:42:49.421617Z",
            "name": "diegonmarcos.com",
            "priority": null,
            "proxiable": false,
            "proxied": false,
            "tags": null,
            "timeouts": null,
            "ttl": 300,
            "type": "CAA",
            "value": null,
            "zone_id": "ff4335cc9c7de42e580d0dff9a0d70eb"
          },
          "sensitive_attributes": [],
          "private": "eyJlMmJmYjczMC1lY2FhLTExZTYtOGY4OC0zNDM2M2JjN2M0YzAiOnsiY3JlYXRlIjozMDAwMDAwMDAwMCwidXBkYXRlIjozMDAwMDAwMDAwMH0sInNjaGVtYV92ZXJzaW9uIjoiMyJ9"
        }
      ]
    },
    {
      "mode": "managed",
      "type": "cloudflare_record",
      "name": "cname_records",
      "provider": "provider[\"registry.terraform.io/cloudflare/cloudflare\"]",
      "instances": [
        {
          "index_key": "smtp_proxy_tunnel",
          "schema_version": 3,
          "attributes": {
            "allow_overwrite": false,
            "comment": "Cloudflare Tunnel → smtp-proxy on oci-mail",
            "content": "90b644ed-1339-4fbe-a467-687012aa84ae.cfargotunnel.com",
            "created_on": "2026-03-28T14:42:56.172571Z",
            "data": [],
            "hostname": "smtp-proxy.diegonmarcos.com",
            "id": "77e6747ec4b357dd098b4cf15233ef9a",
            "metadata": {},
            "modified_on": "2026-03-28T14:42:56.172571Z",
            "name": "smtp-proxy",
            "priority": null,
            "proxiable": true,
            "proxied": true,
            "tags": null,
            "timeouts": null,
            "ttl": 1,
            "type": "CNAME",
            "value": null,
            "zone_id": "ff4335cc9c7de42e580d0dff9a0d70eb"
          },
          "sensitive_attributes": [],
          "private": "eyJlMmJmYjczMC1lY2FhLTExZTYtOGY4OC0zNDM2M2JjN2M0YzAiOnsiY3JlYXRlIjozMDAwMDAwMDAwMCwidXBkYXRlIjozMDAwMDAwMDAwMH0sInNjaGVtYV92ZXJzaW9uIjoiMyJ9"
        }
      ]
    },
    {
      "mode": "managed",
      "type": "cloudflare_record",
      "name": "dkim_records",
      "provider": "provider[\"registry.terraform.io/cloudflare/cloudflare\"]",
      "instances": [
        {
          "index_key": "dkim_cloudflare",
          "schema_version": 3,
          "attributes": {
            "allow_overwrite": false,
            "comment": "Cloudflare Email Routing DKIM (auto-managed by CF)",
            "content": "v=DKIM1; h=sha256; k=rsa; p=MIIBIjANBgkqhkiG9w0BAQEFAAOCAQ8AMIIBCgKCAQEAiweykoi+o48IOGuP7GR3X0MOExCUDY/BCRHoWBnh3rChl7WhdyCxW3jgq1daEjPPqoi7sJvdg5hEQVsgVRQP4DcnQDVjGMbASQtrY4WmB1VebF+RPJB2ECPsEDTpeiI5ZyUAwJaVX7r6bznU67g7LvFq35yIo4sdlmtZGV+i0H4cpYH9+3JJ78km4KXwaf9xUJCWF6nxeD+qG6Fyruw1Qlbds2r85U9dkNDVAS3gioCvELryh1TxKGiVTkg4wqHTyHfWsp7KD3WQHYJn0RyfJJu6YEmL77zonn7p2SRMvTMP3ZEXibnC9gz3nnhR6wcYL8Q7zXypKTMD58bTixDSJwIDAQAB",
            "created_on": "2026-03-28T14:42:49.189229Z",
            "data": [],
            "hostname": "cf2024-1._domainkey.diegonmarcos.com",
            "id": "3db6785d1382e0f85c35738baf7c20f1",
            "metadata": {},
            "modified_on": "2026-03-28T14:42:49.189229Z",
            "name": "cf2024-1._domainkey",
            "priority": null,
            "proxiable": false,
            "proxied": false,
            "tags": null,
            "timeouts": null,
            "ttl": 1,
            "type": "TXT",
            "value": null,
            "zone_id": "ff4335cc9c7de42e580d0dff9a0d70eb"
          },
          "sensitive_attributes": [],
          "private": "eyJlMmJmYjczMC1lY2FhLTExZTYtOGY4OC0zNDM2M2JjN2M0YzAiOnsiY3JlYXRlIjozMDAwMDAwMDAwMCwidXBkYXRlIjozMDAwMDAwMDAwMH0sInNjaGVtYV92ZXJzaW9uIjoiMyJ9"
        },
        {
          "index_key": "dkim_google",
          "schema_version": 3,
          "attributes": {
            "allow_overwrite": false,
            "comment": "Google Workspace DKIM (legacy)",
            "content": "v=DKIM1; k=rsa; p=MIIBIjANBgkqhkiG9w0BAQEFAAOCAQ8AMIIBCgKCAQEAwY9rdAqF839ncfW4QhXzfNsa3B4BEnh5gblpdeD9IaOJd13rpv/ZQRcsjq2eAegusEYbkpbbCZscwsbpFM/oGM3+Q8E4fdM8qj5BCdhc5MPrB9U4AZX4c3FyUIedOF740XUoDUSvoG4WphMNheyM5lwQDkm7Mm6I8orxXsbEVMqFa1eueYoQfBS+7zUwAcmh76xUglE2GSHJpTV40jSbfLl8l2D8hMJH7awIZ7vfTUkhZ+7tOdmmmdWIS6CFAO+CoTQ/UjLbUHEj+aupP3sozsNHZCNVRwdcN3a++hW7R8ypZ8t+j+LMSEceKtpRf+msEvVQ7HGRxMUssd5T2gLkTQIDAQAB",
            "created_on": "2026-03-28T14:42:53.431936Z",
            "data": [],
            "hostname": "google._domainkey.diegonmarcos.com",
            "id": "d4af75c427e78685cc034e04aec8b17d",
            "metadata": {},
            "modified_on": "2026-03-28T14:42:53.431936Z",
            "name": "google._domainkey",
            "priority": null,
            "proxiable": false,
            "proxied": false,
            "tags": null,
            "timeouts": null,
            "ttl": 1,
            "type": "TXT",
            "value": null,
            "zone_id": "ff4335cc9c7de42e580d0dff9a0d70eb"
          },
          "sensitive_attributes": [],
          "private": "eyJlMmJmYjczMC1lY2FhLTExZTYtOGY4OC0zNDM2M2JjN2M0YzAiOnsiY3JlYXRlIjozMDAwMDAwMDAwMCwidXBkYXRlIjozMDAwMDAwMDAwMH0sInNjaGVtYV92ZXJzaW9uIjoiMyJ9"
        },
        {
          "index_key": "dkim_stalwart",
          "schema_version": 3,
          "attributes": {
            "allow_overwrite": false,
            "comment": "Stalwart DKIM - selector: dkim",
            "content": "v=DKIM1; k=rsa; p=MIIBIjANBgkqhkiG9w0BAQEFAAOCAQ8AMIIBCgKCAQEAmWJtaKXcpc/IizfCWA3/0P7AZwHVFsDUBwNLcI2h9cB5PcjM6INJBvKLKKrXxwoTGUuyezz8mKR6/3qWQw3tI52ulsbe8xkR3UkxhVVxrYbQrvd7jZW4JUMYiJFsyTWReucOrCieyjTWSwM7Rv03w5wL8M7BqPxt1E5B7UYGGJK7sHns8CrRTN9VAfb/YJSUl0LhxPglyuThnRmUW7bvVWe3EPG8zbt1xYrW8ea8Kd4SSS0X1yEI56g0YaLq/StSF1LAHzivfNey+KEvZ36YNkns8sPQw+7D6tCwpRwWJ7TJeRgYMzIQCpZqqHcx2HntBZsq9IslLRtvQXQzXvyoCQIDAQAB",
            "created_on": "2026-03-28T14:42:51.175522Z",
            "data": [],
            "hostname": "dkim._domainkey.diegonmarcos.com",
            "id": "02708c094f610ab7ef26f8bc0ffbfd68",
            "metadata": {},
            "modified_on": "2026-03-28T14:42:51.175522Z",
            "name": "dkim._domainkey",
            "priority": null,
            "proxiable": false,
            "proxied": false,
            "tags": null,
            "timeouts": null,
            "ttl": 300,
            "type": "TXT",
            "value": null,
            "zone_id": "ff4335cc9c7de42e580d0dff9a0d70eb"
          },
          "sensitive_attributes": [],
          "private": "eyJlMmJmYjczMC1lY2FhLTExZTYtOGY4OC0zNDM2M2JjN2M0YzAiOnsiY3JlYXRlIjozMDAwMDAwMDAwMCwidXBkYXRlIjozMDAwMDAwMDAwMH0sInNjaGVtYV92ZXJzaW9uIjoiMyJ9"
        }
      ]
    },
    {
      "mode": "managed",
      "type": "cloudflare_record",
      "name": "ses_dkim",
      "provider": "provider[\"registry.terraform.io/cloudflare/cloudflare\"]",
      "instances": [
        {
          "index_key": "ses_dkim_1",
          "schema_version": 3,
          "attributes": {
            "allow_overwrite": false,
            "comment": "AWS SES DKIM 1/3",
            "content": "qrsz7u42zhb6kjnkm7ynntzru2ejxjaq.dkim.amazonses.com",
            "created_on": "2026-03-28T14:42:50.190279Z",
            "data": [],
            "hostname": "qrsz7u42zhb6kjnkm7ynntzru2ejxjaq._domainkey.diegonmarcos.com",
            "id": "6c80a8d44150dfe8dd5fc58f727290d0",
            "metadata": {},
            "modified_on": "2026-03-28T14:42:50.190279Z",
            "name": "qrsz7u42zhb6kjnkm7ynntzru2ejxjaq._domainkey",
            "priority": null,
            "proxiable": false,
            "proxied": false,
            "tags": null,
            "timeouts": null,
            "ttl": 300,
            "type": "CNAME",
            "value": null,
            "zone_id": "ff4335cc9c7de42e580d0dff9a0d70eb"
          },
          "sensitive_attributes": [],
          "private": "eyJlMmJmYjczMC1lY2FhLTExZTYtOGY4OC0zNDM2M2JjN2M0YzAiOnsiY3JlYXRlIjozMDAwMDAwMDAwMCwidXBkYXRlIjozMDAwMDAwMDAwMH0sInNjaGVtYV92ZXJzaW9uIjoiMyJ9"
        },
        {
          "index_key": "ses_dkim_2",
          "schema_version": 3,
          "attributes": {
            "allow_overwrite": false,
            "comment": "AWS SES DKIM 2/3",
            "content": "3kv7hkpeckwv2ygbq37vgahud7deq5rz.dkim.amazonses.com",
            "created_on": "2026-03-28T14:42:47.686962Z",
            "data": [],
            "hostname": "3kv7hkpeckwv2ygbq37vgahud7deq5rz._domainkey.diegonmarcos.com",
            "id": "bcae49f8a72de07ce2aecbdd9d34a4ef",
            "metadata": {},
            "modified_on": "2026-03-28T14:42:47.686962Z",
            "name": "3kv7hkpeckwv2ygbq37vgahud7deq5rz._domainkey",
            "priority": null,
            "proxiable": false,
            "proxied": false,
            "tags": null,
            "timeouts": null,
            "ttl": 300,
            "type": "CNAME",
            "value": null,
            "zone_id": "ff4335cc9c7de42e580d0dff9a0d70eb"
          },
          "sensitive_attributes": [],
          "private": "eyJlMmJmYjczMC1lY2FhLTExZTYtOGY4OC0zNDM2M2JjN2M0YzAiOnsiY3JlYXRlIjozMDAwMDAwMDAwMCwidXBkYXRlIjozMDAwMDAwMDAwMH0sInNjaGVtYV92ZXJzaW9uIjoiMyJ9"
        },
        {
          "index_key": "ses_dkim_3",
          "schema_version": 3,
          "attributes": {
            "allow_overwrite": false,
            "comment": "AWS SES DKIM 3/3",
            "content": "spbilhxxgd646hch7ewtbiqi34oj375e.dkim.amazonses.com",
            "created_on": "2026-03-28T14:42:52.947791Z",
            "data": [],
            "hostname": "spbilhxxgd646hch7ewtbiqi34oj375e._domainkey.diegonmarcos.com",
            "id": "3fa06b5b046d78b73a86517ace6b6e38",
            "metadata": {},
            "modified_on": "2026-03-28T14:42:52.947791Z",
            "name": "spbilhxxgd646hch7ewtbiqi34oj375e._domainkey",
            "priority": null,
            "proxiable": false,
            "proxied": false,
            "tags": null,
            "timeouts": null,
            "ttl": 300,
            "type": "CNAME",
            "value": null,
            "zone_id": "ff4335cc9c7de42e580d0dff9a0d70eb"
          },
          "sensitive_attributes": [],
          "private": "eyJlMmJmYjczMC1lY2FhLTExZTYtOGY4OC0zNDM2M2JjN2M0YzAiOnsiY3JlYXRlIjozMDAwMDAwMDAwMCwidXBkYXRlIjozMDAwMDAwMDAwMH0sInNjaGVtYV92ZXJzaW9uIjoiMyJ9"
        }
      ]
    },
    {
      "mode": "managed",
      "type": "cloudflare_record",
      "name": "ses_mail_from_mx",
      "provider": "provider[\"registry.terraform.io/cloudflare/cloudflare\"]",
      "instances": [
        {
          "schema_version": 3,
          "attributes": {
            "allow_overwrite": false,
            "comment": "AWS SES custom MAIL FROM - bounce handling",
            "content": "feedback-smtp.us-east-1.amazonses.com",
            "created_on": "2026-03-04T12:52:50.309894Z",
            "data": [],
            "hostname": "mail.diegonmarcos.com",
            "id": "8c0c46d0e9112167bfd2f8a48b403520",
            "metadata": {},
            "modified_on": "2026-03-04T12:52:50.309894Z",
            "name": "mail",
            "priority": 10,
            "proxiable": false,
            "proxied": false,
            "tags": [],
            "timeouts": null,
            "ttl": 300,
            "type": "MX",
            "value": null,
            "zone_id": "ff4335cc9c7de42e580d0dff9a0d70eb"
          },
          "sensitive_attributes": [],
          "private": "eyJlMmJmYjczMC1lY2FhLTExZTYtOGY4OC0zNDM2M2JjN2M0YzAiOnsiY3JlYXRlIjozMDAwMDAwMDAwMCwidXBkYXRlIjozMDAwMDAwMDAwMH0sInNjaGVtYV92ZXJzaW9uIjoiMyJ9"
        }
      ]
    },
    {
      "mode": "managed",
      "type": "cloudflare_record",
      "name": "ses_verification",
      "provider": "provider[\"registry.terraform.io/cloudflare/cloudflare\"]",
      "instances": [
        {
          "schema_version": 3,
          "attributes": {
            "allow_overwrite": false,
            "comment": "AWS SES domain verification",
            "content": "Og1MPle0ftYfioO+jVSEWYFfP6FkbAC7KkrkAN9Lit4=",
            "created_on": "2026-03-04T12:52:50.059647Z",
            "data": [],
            "hostname": "_amazonses.diegonmarcos.com",
            "id": "6a87aadb9eafa5a3beb54a5abfcb008f",
            "metadata": {},
            "modified_on": "2026-03-04T12:52:50.059647Z",
            "name": "_amazonses",
            "priority": null,
            "proxiable": false,
            "proxied": false,
            "tags": [],
            "timeouts": null,
            "ttl": 300,
            "type": "TXT",
            "value": null,
            "zone_id": "ff4335cc9c7de42e580d0dff9a0d70eb"
          },
          "sensitive_attributes": [],
          "private": "eyJlMmJmYjczMC1lY2FhLTExZTYtOGY4OC0zNDM2M2JjN2M0YzAiOnsiY3JlYXRlIjozMDAwMDAwMDAwMCwidXBkYXRlIjozMDAwMDAwMDAwMH0sInNjaGVtYV92ZXJzaW9uIjoiMyJ9"
        }
      ]
    },
    {
      "mode": "managed",
      "type": "cloudflare_record",
      "name": "txt_records",
      "provider": "provider[\"registry.terraform.io/cloudflare/cloudflare\"]",
      "instances": [
        {
          "index_key": "dmarc",
          "schema_version": 3,
          "attributes": {
            "allow_overwrite": false,
            "comment": "DMARC: reject spoofed emails + subdomain policy + forensic reports",
            "content": "v=DMARC1; p=reject; sp=reject; rua=mailto:postmaster@diegonmarcos.com; ruf=mailto:postmaster@diegonmarcos.com; fo=1",
            "created_on": "2026-03-28T14:42:51.427058Z",
            "data": [],
            "hostname": "_dmarc.diegonmarcos.com",
            "id": "9672c4ca087d5d9694a898e5cc5f9737",
            "metadata": {},
            "modified_on": "2026-03-28T14:42:51.427058Z",
            "name": "_dmarc",
            "priority": null,
            "proxiable": false,
            "proxied": false,
            "tags": null,
            "timeouts": null,
            "ttl": 300,
            "type": "TXT",
            "value": null,
            "zone_id": "ff4335cc9c7de42e580d0dff9a0d70eb"
          },
          "sensitive_attributes": [],
          "private": "eyJlMmJmYjczMC1lY2FhLTExZTYtOGY4OC0zNDM2M2JjN2M0YzAiOnsiY3JlYXRlIjozMDAwMDAwMDAwMCwidXBkYXRlIjozMDAwMDAwMDAwMH0sInNjaGVtYV92ZXJzaW9uIjoiMyJ9"
        },
        {
          "index_key": "ses_mail_from_spf",
          "schema_version": 3,
          "attributes": {
            "allow_overwrite": false,
            "comment": "AWS SES custom MAIL FROM - SPF for bounce subdomain",
            "content": "v=spf1 include:amazonses.com ~all",
            "created_on": "2026-03-28T14:42:52.179059Z",
            "data": [],
            "hostname": "mail.diegonmarcos.com",
            "id": "781c5d632b15efeef8abb089049b3a4f",
            "metadata": {},
            "modified_on": "2026-03-28T14:42:52.179059Z",
            "name": "mail",
            "priority": null,
            "proxiable": false,
            "proxied": false,
            "tags": null,
            "timeouts": null,
            "ttl": 300,
            "type": "TXT",
            "value": null,
            "zone_id": "ff4335cc9c7de42e580d0dff9a0d70eb"
          },
          "sensitive_attributes": [],
          "private": "eyJlMmJmYjczMC1lY2FhLTExZTYtOGY4OC0zNDM2M2JjN2M0YzAiOnsiY3JlYXRlIjozMDAwMDAwMDAwMCwidXBkYXRlIjozMDAwMDAwMDAwMH0sInNjaGVtYV92ZXJzaW9uIjoiMyJ9"
        },
        {
          "index_key": "spf",
          "schema_version": 3,
          "attributes": {
            "allow_overwrite": false,
            "comment": "SPF: Stalwart VM IP + CF Email Routing + AWS SES + OCI relay — hardfail",
            "content": "v=spf1 ip4:130.110.251.193 include:_spf.mx.cloudflare.net include:amazonses.com include:eu.rp.oracleemaildelivery.com -all",
            "created_on": "2026-03-28T14:42:50.426236Z",
            "data": [],
            "hostname": "diegonmarcos.com",
            "id": "d28a011df964329dcefd9ef2654eb24a",
            "metadata": {},
            "modified_on": "2026-03-28T14:42:50.426236Z",
            "name": "diegonmarcos.com",
            "priority": null,
            "proxiable": false,
            "proxied": false,
            "tags": null,
            "timeouts": null,
            "ttl": 300,
            "type": "TXT",
            "value": null,
            "zone_id": "ff4335cc9c7de42e580d0dff9a0d70eb"
          },
          "sensitive_attributes": [],
          "private": "eyJlMmJmYjczMC1lY2FhLTExZTYtOGY4OC0zNDM2M2JjN2M0YzAiOnsiY3JlYXRlIjozMDAwMDAwMDAwMCwidXBkYXRlIjozMDAwMDAwMDAwMH0sInNjaGVtYV92ZXJzaW9uIjoiMyJ9"
        }
      ]
    },
    {
      "mode": "managed",
      "type": "cloudflare_zero_trust_tunnel_cloudflared_config",
      "name": "tunnels",
      "provider": "provider[\"registry.terraform.io/cloudflare/cloudflare\"]",
      "instances": [
        {
          "schema_version": 0,
          "attributes": {
            "account_id": "e5cb0a0c6f448e54f217de484259f0ae",
            "config": [
              {
                "ingress_rule": [
                  {
                    "hostname": "smtp-proxy.diegonmarcos.com",
                    "origin_request": [],
                    "path": "",
                    "service": "http://localhost:8080"
                  },
                  {
                    "hostname": "",
                    "origin_request": [],
                    "path": "",
                    "service": "http_status:404"
                  }
                ],
                "origin_request": [],
                "warp_routing": []
              }
            ],
            "id": "90b644ed-1339-4fbe-a467-687012aa84ae",
            "tunnel_id": "90b644ed-1339-4fbe-a467-687012aa84ae"
          },
          "sensitive_attributes": [],
          "private": "bnVsbA=="
        }
      ]
    },
    {
      "mode": "managed",
      "type": "cloudflare_zone_settings_override",
      "name": "ssl_settings",
      "provider": "provider[\"registry.terraform.io/cloudflare/cloudflare\"]",
      "instances": [
        {
          "schema_version": 2,
          "attributes": {
            "id": "ff4335cc9c7de42e580d0dff9a0d70eb",
            "initial_settings": [
              {
                "aegis": [
                  {
                    "enabled": false,
                    "pool_id": ""
                  }
                ],
                "always_online": "off",
                "always_use_https": "on",
                "automatic_https_rewrites": "on",
                "binary_ast": "off",
                "brotli": "on",
                "browser_cache_ttl": 14400,
                "browser_check": "on",
                "cache_level": "aggressive",
                "challenge_ttl": 1800,
                "ciphers": [],
                "cname_flattening": "flatten_at_root",
                "development_mode": "off",
                "early_hints": "off",
                "email_obfuscation": "on",
                "filter_logs_to_cloudflare": "off",
                "fonts": "off",
                "h2_prioritization": "off",
                "hotlink_protection": "off",
                "http2": "on",
                "http3": "on",
                "image_resizing": "off",
                "ip_geolocation": "on",
                "ipv6": "on",
                "log_to_cloudflare": "on",
                "max_upload": 100,
                "min_tls_version": "1.2",
                "minify": [],
                "mirage": "off",
                "mobile_redirect": [],
                "nel": [
                  {
                    "enabled": true
                  }
                ],
                "opportunistic_encryption": "on",
                "opportunistic_onion": "on",
                "orange_to_orange": "off",
                "origin_error_page_pass_thru": "off",
                "origin_max_http_version": "2",
                "polish": "off",
                "prefetch_preload": "off",
                "privacy_pass": "on",
                "proxy_read_timeout": "100",
                "pseudo_ipv4": "off",
                "replace_insecure_js": "on",
                "response_buffering": "off",
                "rocket_loader": "off",
                "security_header": [
                  {
                    "enabled": false,
                    "include_subdomains": false,
                    "max_age": 0,
                    "nosniff": false,
                    "preload": false
                  }
                ],
                "security_level": "medium",
                "server_side_exclude": "on",
                "sort_query_string_for_cache": "off",
                "speed_brain": "off",
                "ssl": "full",
                "ssl_automatic_mode": "custom",
                "tls_1_2_only": "off",
                "tls_1_3": "on",
                "tls_client_auth": "off",
                "true_client_ip_header": "off",
                "universal_ssl": "",
                "visitor_ip": "on",
                "waf": "off",
                "webp": "off",
                "websockets": "on",
                "zero_rtt": "off"
              }
            ],
            "initial_settings_read_at": "2026-03-11T10:06:31.676868457Z",
            "readonly_settings": [
              "advanced_ddos",
              "http2",
              "long_lived_grpc",
              "mirage",
              "origin_error_page_pass_thru",
              "polish",
              "prefetch_preload",
              "proxy_read_timeout",
              "response_buffering",
              "sort_query_string_for_cache",
              "true_client_ip_header",
              "webp",
              "image_resizing"
            ],
            "settings": [
              {
                "aegis": [
                  {
                    "enabled": false,
                    "pool_id": ""
                  }
                ],
                "always_online": "off",
                "always_use_https": "on",
                "automatic_https_rewrites": "on",
                "binary_ast": "off",
                "brotli": "on",
                "browser_cache_ttl": 14400,
                "browser_check": "on",
                "cache_level": "aggressive",
                "challenge_ttl": 1800,
                "ciphers": [],
                "cname_flattening": "flatten_at_root",
                "development_mode": "off",
                "early_hints": "off",
                "email_obfuscation": "on",
                "filter_logs_to_cloudflare": "off",
                "fonts": "off",
                "h2_prioritization": "off",
                "hotlink_protection": "off",
                "http2": "on",
                "http3": "on",
                "image_resizing": "off",
                "ip_geolocation": "on",
                "ipv6": "on",
                "log_to_cloudflare": "on",
                "max_upload": 100,
                "min_tls_version": "1.2",
                "minify": [],
                "mirage": "off",
                "mobile_redirect": [],
                "nel": [
                  {
                    "enabled": true
                  }
                ],
                "opportunistic_encryption": "on",
                "opportunistic_onion": "on",
                "orange_to_orange": "off",
                "origin_error_page_pass_thru": "off",
                "origin_max_http_version": "2",
                "polish": "off",
                "prefetch_preload": "off",
                "privacy_pass": "on",
                "proxy_read_timeout": "100",
                "pseudo_ipv4": "off",
                "replace_insecure_js": "on",
                "response_buffering": "off",
                "rocket_loader": "off",
                "security_header": [
                  {
                    "enabled": false,
                    "include_subdomains": false,
                    "max_age": 0,
                    "nosniff": false,
                    "preload": false
                  }
                ],
                "security_level": "medium",
                "server_side_exclude": "on",
                "sort_query_string_for_cache": "off",
                "speed_brain": "off",
                "ssl": "full",
                "ssl_automatic_mode": "custom",
                "tls_1_2_only": "off",
                "tls_1_3": "on",
                "tls_client_auth": "off",
                "true_client_ip_header": "off",
                "universal_ssl": "",
                "visitor_ip": "on",
                "waf": "off",
                "webp": "",
                "websockets": "on",
                "zero_rtt": "off"
              }
            ],
            "zone_id": "ff4335cc9c7de42e580d0dff9a0d70eb",
            "zone_status": "active",
            "zone_type": "full"
          },
          "sensitive_attributes": [],
          "private": "eyJzY2hlbWFfdmVyc2lvbiI6IjIifQ=="
        }
      ]
    }
  ],
  "check_results": null
}
