{
  "version": 4,
  "terraform_version": "1.8.3",
  "serial": 78,
  "lineage": "3265781c-63db-e846-1b25-9e73b040479b",
  "outputs": {
    "email_architecture": {
      "value": "CF Email Routing (MX) → Worker email-forwarder → smtp-proxy (oci-mail:8080) → Mailu front:25",
      "type": "string"
    }
  },
  "resources": [
    {
      "mode": "managed",
      "type": "cloudflare_email_routing_address",
      "name": "backup",
      "provider": "provider[\"registry.terraform.io/cloudflare/cloudflare\"]",
      "instances": [
        {
          "schema_version": 1,
          "attributes": {
            "account_id": "e5cb0a0c6f448e54f217de484259f0ae",
            "created": "2026-01-14 17:50:36.4666 +0000 UTC",
            "email": "diegonmarcos@live.com",
            "id": "58b860a2dfa74731a87205f2eec6c6fe",
            "modified": "2026-01-14 17:52:08.954526 +0000 UTC",
            "tag": "58b860a2dfa74731a87205f2eec6c6fe",
            "verified": "2026-01-14 17:52:08.954526 +0000 UTC"
          },
          "sensitive_attributes": []
        }
      ]
    },
    {
      "mode": "managed",
      "type": "cloudflare_email_routing_rule",
      "name": "me_to_worker",
      "provider": "provider[\"registry.terraform.io/cloudflare/cloudflare\"]",
      "instances": [
        {
          "schema_version": 1,
          "attributes": {
            "action": [
              {
                "type": "worker",
                "value": [
                  "email-forwarder"
                ]
              }
            ],
            "enabled": true,
            "id": "a00b62a5322b4641b5be3f9ecdcf2504",
            "matcher": [
              {
                "field": "to",
                "type": "literal",
                "value": "me@diegonmarcos.com"
              }
            ],
            "name": "Forward to Worker (Gmail + Stalwart)",
            "priority": 0,
            "tag": "a00b62a5322b4641b5be3f9ecdcf2504",
            "zone_id": "ff4335cc9c7de42e580d0dff9a0d70eb"
          },
          "sensitive_attributes": []
        }
      ]
    },
    {
      "mode": "managed",
      "type": "cloudflare_record",
      "name": "analytics",
      "provider": "provider[\"registry.terraform.io/cloudflare/cloudflare\"]",
      "instances": [
        {
          "schema_version": 3,
          "attributes": {
            "allow_overwrite": null,
            "comment": "Matomo Analytics via Caddy → oci-analytics",
            "content": null,
            "created_on": "2025-12-07T12:27:15.062805Z",
            "data": [],
            "hostname": "analytics.diegonmarcos.com",
            "id": "401dda7c7c1eb42f5d704f61356febec",
            "metadata": {},
            "modified_on": "2026-02-19T18:28:30.839848Z",
            "name": "analytics",
            "priority": null,
            "proxiable": true,
            "proxied": false,
            "tags": [],
            "timeouts": null,
            "ttl": 300,
            "type": "A",
            "value": null,
            "zone_id": "ff4335cc9c7de42e580d0dff9a0d70eb"
          },
          "sensitive_attributes": [],
          "private": "eyJlMmJmYjczMC1lY2FhLTExZTYtOGY4OC0zNDM2M2JjN2M0YzAiOnsiY3JlYXRlIjozMDAwMDAwMDAwMCwidXBkYXRlIjozMDAwMDAwMDAwMH0sInNjaGVtYV92ZXJzaW9uIjoiMyJ9"
        }
      ]
    },
    {
      "mode": "managed",
      "type": "cloudflare_record",
      "name": "api",
      "provider": "provider[\"registry.terraform.io/cloudflare/cloudflare\"]",
      "instances": [
        {
          "schema_version": 3,
          "attributes": {
            "allow_overwrite": null,
            "comment": "Flask + Rust API via Caddy on GCP",
            "content": null,
            "created_on": "2025-12-08T00:38:13.083546Z",
            "data": [],
            "hostname": "api.diegonmarcos.com",
            "id": "9db712b11a52f86c53288ef9d7f0ba80",
            "metadata": {},
            "modified_on": "2026-02-19T18:28:26.322971Z",
            "name": "api",
            "priority": null,
            "proxiable": true,
            "proxied": false,
            "tags": [],
            "timeouts": null,
            "ttl": 300,
            "type": "A",
            "value": null,
            "zone_id": "ff4335cc9c7de42e580d0dff9a0d70eb"
          },
          "sensitive_attributes": [],
          "private": "eyJlMmJmYjczMC1lY2FhLTExZTYtOGY4OC0zNDM2M2JjN2M0YzAiOnsiY3JlYXRlIjozMDAwMDAwMDAwMCwidXBkYXRlIjozMDAwMDAwMDAwMH0sInNjaGVtYV92ZXJzaW9uIjoiMyJ9"
        }
      ]
    },
    {
      "mode": "managed",
      "type": "cloudflare_record",
      "name": "auth",
      "provider": "provider[\"registry.terraform.io/cloudflare/cloudflare\"]",
      "instances": [
        {
          "schema_version": 3,
          "attributes": {
            "allow_overwrite": null,
            "comment": "Authelia 2FA",
            "content": null,
            "created_on": "2025-12-07T12:27:15.041731Z",
            "data": [],
            "hostname": "auth.diegonmarcos.com",
            "id": "5883d719b45f3078abd7573fde9ef4a9",
            "metadata": {},
            "modified_on": "2026-02-19T18:28:31.785166Z",
            "name": "auth",
            "priority": null,
            "proxiable": true,
            "proxied": false,
            "tags": [],
            "timeouts": null,
            "ttl": 300,
            "type": "A",
            "value": null,
            "zone_id": "ff4335cc9c7de42e580d0dff9a0d70eb"
          },
          "sensitive_attributes": [],
          "private": "eyJlMmJmYjczMC1lY2FhLTExZTYtOGY4OC0zNDM2M2JjN2M0YzAiOnsiY3JlYXRlIjozMDAwMDAwMDAwMCwidXBkYXRlIjozMDAwMDAwMDAwMH0sInNjaGVtYV92ZXJzaW9uIjoiMyJ9"
        }
      ]
    },
    {
      "mode": "managed",
      "type": "cloudflare_record",
      "name": "caa_letsencrypt",
      "provider": "provider[\"registry.terraform.io/cloudflare/cloudflare\"]",
      "instances": [
        {
          "schema_version": 3,
          "attributes": {
            "allow_overwrite": null,
            "comment": "CAA: restrict cert issuance to Let's Encrypt only",
            "content": "0 issue \"letsencrypt.org\"",
            "created_on": "2026-02-26T11:31:11.864304Z",
            "data": [
              {
                "algorithm": 0,
                "altitude": 0,
                "certificate": "",
                "content": "",
                "digest": "",
                "digest_type": 0,
                "fingerprint": "",
                "flags": "0",
                "key_tag": 0,
                "lat_degrees": 0,
                "lat_direction": "",
                "lat_minutes": 0,
                "lat_seconds": 0,
                "long_degrees": 0,
                "long_direction": "",
                "long_minutes": 0,
                "long_seconds": 0,
                "matching_type": 0,
                "name": "",
                "order": 0,
                "port": 0,
                "precision_horz": 0,
                "precision_vert": 0,
                "preference": 0,
                "priority": 0,
                "proto": "",
                "protocol": 0,
                "public_key": "",
                "regex": "",
                "replacement": "",
                "selector": 0,
                "service": "",
                "size": 0,
                "tag": "issue",
                "target": "",
                "type": 0,
                "usage": 0,
                "value": "letsencrypt.org",
                "weight": 0
              }
            ],
            "hostname": "diegonmarcos.com",
            "id": "d54751cf3d30483ac5b48d0c88cfaea2",
            "metadata": {},
            "modified_on": "2026-02-26T11:31:11.864304Z",
            "name": "diegonmarcos.com",
            "priority": null,
            "proxiable": false,
            "proxied": false,
            "tags": [],
            "timeouts": null,
            "ttl": 300,
            "type": "CAA",
            "value": null,
            "zone_id": "ff4335cc9c7de42e580d0dff9a0d70eb"
          },
          "sensitive_attributes": [],
          "private": "eyJlMmJmYjczMC1lY2FhLTExZTYtOGY4OC0zNDM2M2JjN2M0YzAiOnsiY3JlYXRlIjozMDAwMDAwMDAwMCwidXBkYXRlIjozMDAwMDAwMDAwMH0sInNjaGVtYV92ZXJzaW9uIjoiMyJ9"
        }
      ]
    },
    {
      "mode": "managed",
      "type": "cloudflare_record",
      "name": "cal",
      "provider": "provider[\"registry.terraform.io/cloudflare/cloudflare\"]",
      "instances": [
        {
          "schema_version": 3,
          "attributes": {
            "allow_overwrite": null,
            "comment": "Radicale Calendar via Caddy → oci-mail",
            "content": null,
            "created_on": "2025-12-07T22:05:47.161231Z",
            "data": [],
            "hostname": "cal.diegonmarcos.com",
            "id": "71e050131b19f89fc58c41ff5d94cfdd",
            "metadata": {},
            "modified_on": "2026-02-19T18:28:35.335067Z",
            "name": "cal",
            "priority": null,
            "proxiable": true,
            "proxied": false,
            "tags": [],
            "timeouts": null,
            "ttl": 300,
            "type": "A",
            "value": null,
            "zone_id": "ff4335cc9c7de42e580d0dff9a0d70eb"
          },
          "sensitive_attributes": [],
          "private": "eyJlMmJmYjczMC1lY2FhLTExZTYtOGY4OC0zNDM2M2JjN2M0YzAiOnsiY3JlYXRlIjozMDAwMDAwMDAwMCwidXBkYXRlIjozMDAwMDAwMDAwMH0sInNjaGVtYV92ZXJzaW9uIjoiMyJ9"
        }
      ]
    },
    {
      "mode": "managed",
      "type": "cloudflare_record",
      "name": "chat",
      "provider": "provider[\"registry.terraform.io/cloudflare/cloudflare\"]",
      "instances": [
        {
          "schema_version": 3,
          "attributes": {
            "allow_overwrite": null,
            "comment": "Mattermost via Caddy → oci-apps",
            "content": null,
            "created_on": "2026-03-02T09:18:19.68779Z",
            "data": [],
            "hostname": "chat.diegonmarcos.com",
            "id": "a5e35137949a7e4e51cd2c165062cb6b",
            "metadata": {},
            "modified_on": "2026-03-02T09:18:19.68779Z",
            "name": "chat",
            "priority": null,
            "proxiable": true,
            "proxied": false,
            "tags": [],
            "timeouts": null,
            "ttl": 300,
            "type": "A",
            "value": null,
            "zone_id": "ff4335cc9c7de42e580d0dff9a0d70eb"
          },
          "sensitive_attributes": [],
          "private": "eyJlMmJmYjczMC1lY2FhLTExZTYtOGY4OC0zNDM2M2JjN2M0YzAiOnsiY3JlYXRlIjozMDAwMDAwMDAwMCwidXBkYXRlIjozMDAwMDAwMDAwMH0sInNjaGVtYV92ZXJzaW9uIjoiMyJ9"
        }
      ]
    },
    {
      "mode": "managed",
      "type": "cloudflare_record",
      "name": "cloud",
      "provider": "provider[\"registry.terraform.io/cloudflare/cloudflare\"]",
      "instances": [
        {
          "schema_version": 3,
          "attributes": {
            "allow_overwrite": null,
            "comment": "",
            "content": null,
            "created_on": "2025-12-18T19:22:24.177528Z",
            "data": [],
            "hostname": "cloud.diegonmarcos.com",
            "id": "85c95f0de38b0faecc73fea658245dd0",
            "metadata": {},
            "modified_on": "2026-02-13T18:25:39.808928Z",
            "name": "cloud",
            "priority": null,
            "proxiable": true,
            "proxied": false,
            "tags": [],
            "timeouts": null,
            "ttl": 300,
            "type": "A",
            "value": null,
            "zone_id": "ff4335cc9c7de42e580d0dff9a0d70eb"
          },
          "sensitive_attributes": [],
          "private": "eyJlMmJmYjczMC1lY2FhLTExZTYtOGY4OC0zNDM2M2JjN2M0YzAiOnsiY3JlYXRlIjozMDAwMDAwMDAwMCwidXBkYXRlIjozMDAwMDAwMDAwMH0sInNjaGVtYV92ZXJzaW9uIjoiMyJ9"
        }
      ]
    },
    {
      "mode": "managed",
      "type": "cloudflare_record",
      "name": "db",
      "provider": "provider[\"registry.terraform.io/cloudflare/cloudflare\"]",
      "instances": [
        {
          "schema_version": 3,
          "attributes": {
            "allow_overwrite": null,
            "comment": "NocoDB via Caddy → oci-apps-1",
            "content": null,
            "created_on": "2026-02-04T09:48:21.023021Z",
            "data": [],
            "hostname": "db.diegonmarcos.com",
            "id": "61bca59a0a2a6e49f4751c66109bc2b9",
            "metadata": {},
            "modified_on": "2026-02-19T18:28:25.070278Z",
            "name": "db",
            "priority": null,
            "proxiable": true,
            "proxied": false,
            "tags": [],
            "timeouts": null,
            "ttl": 300,
            "type": "A",
            "value": null,
            "zone_id": "ff4335cc9c7de42e580d0dff9a0d70eb"
          },
          "sensitive_attributes": [],
          "private": "eyJlMmJmYjczMC1lY2FhLTExZTYtOGY4OC0zNDM2M2JjN2M0YzAiOnsiY3JlYXRlIjozMDAwMDAwMDAwMCwidXBkYXRlIjozMDAwMDAwMDAwMH0sInNjaGVtYV92ZXJzaW9uIjoiMyJ9"
        }
      ]
    },
    {
      "mode": "managed",
      "type": "cloudflare_record",
      "name": "dkim_cloudflare",
      "provider": "provider[\"registry.terraform.io/cloudflare/cloudflare\"]",
      "instances": [
        {
          "schema_version": 3,
          "attributes": {
            "allow_overwrite": null,
            "comment": "Cloudflare Email Routing DKIM (auto-managed by CF)",
            "content": null,
            "created_on": "2025-12-07T13:37:46.298804Z",
            "data": [],
            "hostname": "cf2024-1._domainkey.diegonmarcos.com",
            "id": "22ec5ac261e4f89a29dafcdaa956b6bf",
            "metadata": {},
            "modified_on": "2026-02-19T18:28:34.555828Z",
            "name": "cf2024-1._domainkey",
            "priority": null,
            "proxiable": false,
            "proxied": false,
            "tags": [],
            "timeouts": null,
            "ttl": 1,
            "type": "TXT",
            "value": null,
            "zone_id": "ff4335cc9c7de42e580d0dff9a0d70eb"
          },
          "sensitive_attributes": [],
          "private": "eyJlMmJmYjczMC1lY2FhLTExZTYtOGY4OC0zNDM2M2JjN2M0YzAiOnsiY3JlYXRlIjozMDAwMDAwMDAwMCwidXBkYXRlIjozMDAwMDAwMDAwMH0sInNjaGVtYV92ZXJzaW9uIjoiMyJ9"
        }
      ]
    },
    {
      "mode": "managed",
      "type": "cloudflare_record",
      "name": "dkim_google",
      "provider": "provider[\"registry.terraform.io/cloudflare/cloudflare\"]",
      "instances": [
        {
          "schema_version": 3,
          "attributes": {
            "allow_overwrite": null,
            "comment": "Google Workspace DKIM (legacy)",
            "content": null,
            "created_on": "2025-12-07T12:27:14.99647Z",
            "data": [],
            "hostname": "google._domainkey.diegonmarcos.com",
            "id": "706d24302d625c92fc9f52a1fc9c236c",
            "metadata": {},
            "modified_on": "2026-02-19T18:28:24.814505Z",
            "name": "google._domainkey",
            "priority": null,
            "proxiable": false,
            "proxied": false,
            "tags": [],
            "timeouts": null,
            "ttl": 1,
            "type": "TXT",
            "value": null,
            "zone_id": "ff4335cc9c7de42e580d0dff9a0d70eb"
          },
          "sensitive_attributes": [],
          "private": "eyJlMmJmYjczMC1lY2FhLTExZTYtOGY4OC0zNDM2M2JjN2M0YzAiOnsiY3JlYXRlIjozMDAwMDAwMDAwMCwidXBkYXRlIjozMDAwMDAwMDAwMH0sInNjaGVtYV92ZXJzaW9uIjoiMyJ9"
        }
      ]
    },
    {
      "mode": "managed",
      "type": "cloudflare_record",
      "name": "dkim_mail",
      "provider": "provider[\"registry.terraform.io/cloudflare/cloudflare\"]",
      "instances": [
        {
          "schema_version": 3,
          "attributes": {
            "allow_overwrite": null,
            "comment": "Mailu legacy DKIM selector",
            "content": null,
            "created_on": "2025-12-08T02:21:07.741298Z",
            "data": [],
            "hostname": "mail._domainkey.diegonmarcos.com",
            "id": "00d4b3a779ecc8ec9444ac5bd5845263",
            "metadata": {},
            "modified_on": "2026-02-19T18:28:25.339428Z",
            "name": "mail._domainkey",
            "priority": null,
            "proxiable": false,
            "proxied": false,
            "tags": [],
            "timeouts": null,
            "ttl": 300,
            "type": "TXT",
            "value": null,
            "zone_id": "ff4335cc9c7de42e580d0dff9a0d70eb"
          },
          "sensitive_attributes": [],
          "private": "eyJlMmJmYjczMC1lY2FhLTExZTYtOGY4OC0zNDM2M2JjN2M0YzAiOnsiY3JlYXRlIjozMDAwMDAwMDAwMCwidXBkYXRlIjozMDAwMDAwMDAwMH0sInNjaGVtYV92ZXJzaW9uIjoiMyJ9"
        }
      ]
    },
    {
      "mode": "managed",
      "type": "cloudflare_record",
      "name": "dkim_mailu",
      "provider": "provider[\"registry.terraform.io/cloudflare/cloudflare\"]",
      "instances": [
        {
          "schema_version": 3,
          "attributes": {
            "allow_overwrite": null,
            "comment": "Mailu DKIM - selector: dkim",
            "content": null,
            "created_on": "2025-12-08T07:20:38.445796Z",
            "data": [],
            "hostname": "dkim._domainkey.diegonmarcos.com",
            "id": "65f20af6665e016a690769f7b3bf2cec",
            "metadata": {},
            "modified_on": "2026-02-19T18:28:31.568271Z",
            "name": "dkim._domainkey",
            "priority": null,
            "proxiable": false,
            "proxied": false,
            "tags": [],
            "timeouts": null,
            "ttl": 300,
            "type": "TXT",
            "value": null,
            "zone_id": "ff4335cc9c7de42e580d0dff9a0d70eb"
          },
          "sensitive_attributes": [],
          "private": "eyJlMmJmYjczMC1lY2FhLTExZTYtOGY4OC0zNDM2M2JjN2M0YzAiOnsiY3JlYXRlIjozMDAwMDAwMDAwMCwidXBkYXRlIjozMDAwMDAwMDAwMH0sInNjaGVtYV92ZXJzaW9uIjoiMyJ9"
        }
      ]
    },
    {
      "mode": "managed",
      "type": "cloudflare_record",
      "name": "dmarc",
      "provider": "provider[\"registry.terraform.io/cloudflare/cloudflare\"]",
      "instances": [
        {
          "schema_version": 3,
          "attributes": {
            "allow_overwrite": null,
            "comment": "DMARC: reject spoofed emails",
            "content": null,
            "created_on": "2026-02-13T18:23:24.263298Z",
            "data": [],
            "hostname": "_dmarc.diegonmarcos.com",
            "id": "53b81ed7e93cce8338751185c7c080f5",
            "metadata": {},
            "modified_on": "2026-02-26T11:31:11.765116Z",
            "name": "_dmarc",
            "priority": null,
            "proxiable": false,
            "proxied": false,
            "tags": [],
            "timeouts": null,
            "ttl": 300,
            "type": "TXT",
            "value": null,
            "zone_id": "ff4335cc9c7de42e580d0dff9a0d70eb"
          },
          "sensitive_attributes": [],
          "private": "eyJlMmJmYjczMC1lY2FhLTExZTYtOGY4OC0zNDM2M2JjN2M0YzAiOnsiY3JlYXRlIjozMDAwMDAwMDAwMCwidXBkYXRlIjozMDAwMDAwMDAwMH0sInNjaGVtYV92ZXJzaW9uIjoiMyJ9"
        }
      ]
    },
    {
      "mode": "managed",
      "type": "cloudflare_record",
      "name": "drive_notes_affine",
      "provider": "provider[\"registry.terraform.io/cloudflare/cloudflare\"]",
      "instances": [
        {
          "schema_version": 3,
          "attributes": {
            "allow_overwrite": null,
            "comment": "AFFiNE workspace via Caddy → oci-apps-1",
            "content": null,
            "created_on": "2026-01-09T15:01:52.672715Z",
            "data": [],
            "hostname": "drive-notes-affine.diegonmarcos.com",
            "id": "0705caa14667e6d54651edcdbcf1f1f6",
            "metadata": {},
            "modified_on": "2026-02-19T18:28:36.049195Z",
            "name": "drive-notes-affine",
            "priority": null,
            "proxiable": true,
            "proxied": false,
            "tags": [],
            "timeouts": null,
            "ttl": 300,
            "type": "A",
            "value": null,
            "zone_id": "ff4335cc9c7de42e580d0dff9a0d70eb"
          },
          "sensitive_attributes": [],
          "private": "eyJlMmJmYjczMC1lY2FhLTExZTYtOGY4OC0zNDM2M2JjN2M0YzAiOnsiY3JlYXRlIjozMDAwMDAwMDAwMCwidXBkYXRlIjozMDAwMDAwMDAwMH0sInNjaGVtYV92ZXJzaW9uIjoiMyJ9"
        }
      ]
    },
    {
      "mode": "managed",
      "type": "cloudflare_record",
      "name": "ide",
      "provider": "provider[\"registry.terraform.io/cloudflare/cloudflare\"]",
      "instances": [
        {
          "schema_version": 3,
          "attributes": {
            "allow_overwrite": null,
            "comment": "Code Server IDE via Caddy → oci-apps-1",
            "content": null,
            "created_on": "2026-02-03T10:00:02.368794Z",
            "data": [],
            "hostname": "ide.diegonmarcos.com",
            "id": "4345a7764a66ee7476d490c50350d7da",
            "metadata": {},
            "modified_on": "2026-02-19T18:28:31.104153Z",
            "name": "ide",
            "priority": null,
            "proxiable": true,
            "proxied": false,
            "tags": [],
            "timeouts": null,
            "ttl": 300,
            "type": "A",
            "value": null,
            "zone_id": "ff4335cc9c7de42e580d0dff9a0d70eb"
          },
          "sensitive_attributes": [],
          "private": "eyJlMmJmYjczMC1lY2FhLTExZTYtOGY4OC0zNDM2M2JjN2M0YzAiOnsiY3JlYXRlIjozMDAwMDAwMDAwMCwidXBkYXRlIjozMDAwMDAwMDAwMH0sInNjaGVtYV92ZXJzaW9uIjoiMyJ9"
        }
      ]
    },
    {
      "mode": "managed",
      "type": "cloudflare_record",
      "name": "imap",
      "provider": "provider[\"registry.terraform.io/cloudflare/cloudflare\"]",
      "instances": [
        {
          "schema_version": 3,
          "attributes": {
            "allow_overwrite": null,
            "comment": "IMAP direct to oci-mail",
            "content": null,
            "created_on": "2025-12-10T17:33:39.813964Z",
            "data": [],
            "hostname": "imap.diegonmarcos.com",
            "id": "8682b22b7a319eb80c8eb746fb18093a",
            "metadata": {},
            "modified_on": "2026-02-19T18:28:36.862366Z",
            "name": "imap",
            "priority": null,
            "proxiable": true,
            "proxied": false,
            "tags": [],
            "timeouts": null,
            "ttl": 300,
            "type": "A",
            "value": null,
            "zone_id": "ff4335cc9c7de42e580d0dff9a0d70eb"
          },
          "sensitive_attributes": [],
          "private": "eyJlMmJmYjczMC1lY2FhLTExZTYtOGY4OC0zNDM2M2JjN2M0YzAiOnsiY3JlYXRlIjozMDAwMDAwMDAwMCwidXBkYXRlIjozMDAwMDAwMDAwMH0sInNjaGVtYV92ZXJzaW9uIjoiMyJ9"
        }
      ]
    },
    {
      "mode": "managed",
      "type": "cloudflare_record",
      "name": "linktree",
      "provider": "provider[\"registry.terraform.io/cloudflare/cloudflare\"]",
      "instances": [
        {
          "schema_version": 3,
          "attributes": {
            "allow_overwrite": null,
            "comment": "",
            "content": null,
            "created_on": "2025-12-18T18:29:49.435544Z",
            "data": [],
            "hostname": "linktree.diegonmarcos.com",
            "id": "40cdf8769d59566d4afed9ff9ae7e7a6",
            "metadata": {},
            "modified_on": "2026-02-13T18:25:44.907655Z",
            "name": "linktree",
            "priority": null,
            "proxiable": true,
            "proxied": false,
            "tags": [],
            "timeouts": null,
            "ttl": 300,
            "type": "A",
            "value": null,
            "zone_id": "ff4335cc9c7de42e580d0dff9a0d70eb"
          },
          "sensitive_attributes": [],
          "private": "eyJlMmJmYjczMC1lY2FhLTExZTYtOGY4OC0zNDM2M2JjN2M0YzAiOnsiY3JlYXRlIjozMDAwMDAwMDAwMCwidXBkYXRlIjozMDAwMDAwMDAwMH0sInNjaGVtYV92ZXJzaW9uIjoiMyJ9"
        }
      ]
    },
    {
      "mode": "managed",
      "type": "cloudflare_record",
      "name": "mail",
      "provider": "provider[\"registry.terraform.io/cloudflare/cloudflare\"]",
      "instances": [
        {
          "schema_version": 3,
          "attributes": {
            "allow_overwrite": null,
            "comment": "Mailu webmail via Caddy → oci-mail",
            "content": null,
            "created_on": "2025-12-08T16:29:01.661619Z",
            "data": [],
            "hostname": "mail.diegonmarcos.com",
            "id": "4a580cbbc52a34ef199b7dede18d1a30",
            "metadata": {},
            "modified_on": "2026-02-19T18:28:29.757127Z",
            "name": "mail",
            "priority": null,
            "proxiable": true,
            "proxied": false,
            "tags": [],
            "timeouts": null,
            "ttl": 300,
            "type": "A",
            "value": null,
            "zone_id": "ff4335cc9c7de42e580d0dff9a0d70eb"
          },
          "sensitive_attributes": [],
          "private": "eyJlMmJmYjczMC1lY2FhLTExZTYtOGY4OC0zNDM2M2JjN2M0YzAiOnsiY3JlYXRlIjozMDAwMDAwMDAwMCwidXBkYXRlIjozMDAwMDAwMDAwMH0sInNjaGVtYV92ZXJzaW9uIjoiMyJ9"
        }
      ]
    },
    {
      "mode": "managed",
      "type": "cloudflare_record",
      "name": "nexus",
      "provider": "provider[\"registry.terraform.io/cloudflare/cloudflare\"]",
      "instances": [
        {
          "schema_version": 3,
          "attributes": {
            "allow_overwrite": null,
            "comment": "",
            "content": null,
            "created_on": "2025-12-18T19:20:34.627549Z",
            "data": [],
            "hostname": "nexus.diegonmarcos.com",
            "id": "503050e7a06f66bf8de12659004a2fda",
            "metadata": {},
            "modified_on": "2026-02-13T18:25:47.436732Z",
            "name": "nexus",
            "priority": null,
            "proxiable": true,
            "proxied": false,
            "tags": [],
            "timeouts": null,
            "ttl": 300,
            "type": "A",
            "value": null,
            "zone_id": "ff4335cc9c7de42e580d0dff9a0d70eb"
          },
          "sensitive_attributes": [],
          "private": "eyJlMmJmYjczMC1lY2FhLTExZTYtOGY4OC0zNDM2M2JjN2M0YzAiOnsiY3JlYXRlIjozMDAwMDAwMDAwMCwidXBkYXRlIjozMDAwMDAwMDAwMH0sInNjaGVtYV92ZXJzaW9uIjoiMyJ9"
        }
      ]
    },
    {
      "mode": "managed",
      "type": "cloudflare_record",
      "name": "photos",
      "provider": "provider[\"registry.terraform.io/cloudflare/cloudflare\"]",
      "instances": [
        {
          "schema_version": 3,
          "attributes": {
            "allow_overwrite": null,
            "comment": "PhotoPrism via Caddy → oci-apps-1",
            "content": null,
            "created_on": "2025-12-08T22:00:51.858504Z",
            "data": [],
            "hostname": "photos.diegonmarcos.com",
            "id": "92a780f2d2fa5f6971a51ce8595cef98",
            "metadata": {},
            "modified_on": "2026-02-19T18:28:30.296241Z",
            "name": "photos",
            "priority": null,
            "proxiable": true,
            "proxied": false,
            "tags": [],
            "timeouts": null,
            "ttl": 300,
            "type": "A",
            "value": null,
            "zone_id": "ff4335cc9c7de42e580d0dff9a0d70eb"
          },
          "sensitive_attributes": [],
          "private": "eyJlMmJmYjczMC1lY2FhLTExZTYtOGY4OC0zNDM2M2JjN2M0YzAiOnsiY3JlYXRlIjozMDAwMDAwMDAwMCwidXBkYXRlIjozMDAwMDAwMDAwMH0sInNjaGVtYV92ZXJzaW9uIjoiMyJ9"
        }
      ]
    },
    {
      "mode": "managed",
      "type": "cloudflare_record",
      "name": "proxy",
      "provider": "provider[\"registry.terraform.io/cloudflare/cloudflare\"]",
      "instances": [
        {
          "schema_version": 3,
          "attributes": {
            "allow_overwrite": null,
            "comment": "Caddy admin",
            "content": null,
            "created_on": "2025-12-09T00:21:33.264275Z",
            "data": [],
            "hostname": "proxy.diegonmarcos.com",
            "id": "1c8737be38b746db5b01b98609358fb2",
            "metadata": {},
            "modified_on": "2026-02-19T18:28:34.789627Z",
            "name": "proxy",
            "priority": null,
            "proxiable": true,
            "proxied": false,
            "tags": [],
            "timeouts": null,
            "ttl": 300,
            "type": "A",
            "value": null,
            "zone_id": "ff4335cc9c7de42e580d0dff9a0d70eb"
          },
          "sensitive_attributes": [],
          "private": "eyJlMmJmYjczMC1lY2FhLTExZTYtOGY4OC0zNDM2M2JjN2M0YzAiOnsiY3JlYXRlIjozMDAwMDAwMDAwMCwidXBkYXRlIjozMDAwMDAwMDAwMH0sInNjaGVtYV92ZXJzaW9uIjoiMyJ9"
        }
      ]
    },
    {
      "mode": "managed",
      "type": "cloudflare_record",
      "name": "root",
      "provider": "provider[\"registry.terraform.io/cloudflare/cloudflare\"]",
      "instances": [
        {
          "schema_version": 3,
          "attributes": {
            "allow_overwrite": null,
            "comment": "",
            "content": null,
            "created_on": "2026-02-19T18:28:39.811499Z",
            "data": [],
            "hostname": "diegonmarcos.com",
            "id": "4a80dedd0dc1f0ad0fc677ebaafed976",
            "metadata": {},
            "modified_on": "2026-02-19T18:28:39.811499Z",
            "name": "diegonmarcos.com",
            "priority": null,
            "proxiable": true,
            "proxied": false,
            "tags": [],
            "timeouts": null,
            "ttl": 300,
            "type": "A",
            "value": null,
            "zone_id": "ff4335cc9c7de42e580d0dff9a0d70eb"
          },
          "sensitive_attributes": [],
          "private": "eyJlMmJmYjczMC1lY2FhLTExZTYtOGY4OC0zNDM2M2JjN2M0YzAiOnsiY3JlYXRlIjozMDAwMDAwMDAwMCwidXBkYXRlIjozMDAwMDAwMDAwMH0sInNjaGVtYV92ZXJzaW9uIjoiMyJ9"
        }
      ]
    },
    {
      "mode": "managed",
      "type": "cloudflare_record",
      "name": "rss",
      "provider": "provider[\"registry.terraform.io/cloudflare/cloudflare\"]",
      "instances": [
        {
          "schema_version": 3,
          "attributes": {
            "allow_overwrite": null,
            "comment": "Ntfy push notifications via Caddy on GCP",
            "content": null,
            "created_on": "2025-12-26T14:13:05.780264Z",
            "data": [],
            "hostname": "rss.diegonmarcos.com",
            "id": "9361c4b0a475ab540d8d3a450c466f8e",
            "metadata": {},
            "modified_on": "2026-02-19T18:28:31.434358Z",
            "name": "rss",
            "priority": null,
            "proxiable": true,
            "proxied": false,
            "tags": [],
            "timeouts": null,
            "ttl": 300,
            "type": "A",
            "value": null,
            "zone_id": "ff4335cc9c7de42e580d0dff9a0d70eb"
          },
          "sensitive_attributes": [],
          "private": "eyJlMmJmYjczMC1lY2FhLTExZTYtOGY4OC0zNDM2M2JjN2M0YzAiOnsiY3JlYXRlIjozMDAwMDAwMDAwMCwidXBkYXRlIjozMDAwMDAwMDAwMH0sInNjaGVtYV92ZXJzaW9uIjoiMyJ9"
        }
      ]
    },
    {
      "mode": "managed",
      "type": "cloudflare_record",
      "name": "ses_dkim_1",
      "provider": "provider[\"registry.terraform.io/cloudflare/cloudflare\"]",
      "instances": [
        {
          "schema_version": 3,
          "attributes": {
            "allow_overwrite": null,
            "comment": "AWS SES DKIM 1/3",
            "content": null,
            "created_on": "2026-03-04T12:52:50.779558Z",
            "data": [],
            "hostname": "qrsz7u42zhb6kjnkm7ynntzru2ejxjaq._domainkey.diegonmarcos.com",
            "id": "b49a9f1ce7e9cc1d8d77d2fa1fe20e2b",
            "metadata": {},
            "modified_on": "2026-03-04T12:52:50.779558Z",
            "name": "qrsz7u42zhb6kjnkm7ynntzru2ejxjaq._domainkey",
            "priority": null,
            "proxiable": false,
            "proxied": false,
            "tags": [],
            "timeouts": null,
            "ttl": 300,
            "type": "CNAME",
            "value": null,
            "zone_id": "ff4335cc9c7de42e580d0dff9a0d70eb"
          },
          "sensitive_attributes": [],
          "private": "eyJlMmJmYjczMC1lY2FhLTExZTYtOGY4OC0zNDM2M2JjN2M0YzAiOnsiY3JlYXRlIjozMDAwMDAwMDAwMCwidXBkYXRlIjozMDAwMDAwMDAwMH0sInNjaGVtYV92ZXJzaW9uIjoiMyJ9"
        }
      ]
    },
    {
      "mode": "managed",
      "type": "cloudflare_record",
      "name": "ses_dkim_2",
      "provider": "provider[\"registry.terraform.io/cloudflare/cloudflare\"]",
      "instances": [
        {
          "schema_version": 3,
          "attributes": {
            "allow_overwrite": null,
            "comment": "AWS SES DKIM 2/3",
            "content": null,
            "created_on": "2026-03-04T12:52:49.866424Z",
            "data": [],
            "hostname": "3kv7hkpeckwv2ygbq37vgahud7deq5rz._domainkey.diegonmarcos.com",
            "id": "852721c9fed1d2829ea19d4859755bbb",
            "metadata": {},
            "modified_on": "2026-03-04T12:52:49.866424Z",
            "name": "3kv7hkpeckwv2ygbq37vgahud7deq5rz._domainkey",
            "priority": null,
            "proxiable": false,
            "proxied": false,
            "tags": [],
            "timeouts": null,
            "ttl": 300,
            "type": "CNAME",
            "value": null,
            "zone_id": "ff4335cc9c7de42e580d0dff9a0d70eb"
          },
          "sensitive_attributes": [],
          "private": "eyJlMmJmYjczMC1lY2FhLTExZTYtOGY4OC0zNDM2M2JjN2M0YzAiOnsiY3JlYXRlIjozMDAwMDAwMDAwMCwidXBkYXRlIjozMDAwMDAwMDAwMH0sInNjaGVtYV92ZXJzaW9uIjoiMyJ9"
        }
      ]
    },
    {
      "mode": "managed",
      "type": "cloudflare_record",
      "name": "ses_dkim_3",
      "provider": "provider[\"registry.terraform.io/cloudflare/cloudflare\"]",
      "instances": [
        {
          "schema_version": 3,
          "attributes": {
            "allow_overwrite": null,
            "comment": "AWS SES DKIM 3/3",
            "content": null,
            "created_on": "2026-03-04T12:52:49.723317Z",
            "data": [],
            "hostname": "spbilhxxgd646hch7ewtbiqi34oj375e._domainkey.diegonmarcos.com",
            "id": "6c0cf956343128016fdb9d4ba47297fe",
            "metadata": {},
            "modified_on": "2026-03-04T12:52:49.723317Z",
            "name": "spbilhxxgd646hch7ewtbiqi34oj375e._domainkey",
            "priority": null,
            "proxiable": false,
            "proxied": false,
            "tags": [],
            "timeouts": null,
            "ttl": 300,
            "type": "CNAME",
            "value": null,
            "zone_id": "ff4335cc9c7de42e580d0dff9a0d70eb"
          },
          "sensitive_attributes": [],
          "private": "eyJlMmJmYjczMC1lY2FhLTExZTYtOGY4OC0zNDM2M2JjN2M0YzAiOnsiY3JlYXRlIjozMDAwMDAwMDAwMCwidXBkYXRlIjozMDAwMDAwMDAwMH0sInNjaGVtYV92ZXJzaW9uIjoiMyJ9"
        }
      ]
    },
    {
      "mode": "managed",
      "type": "cloudflare_record",
      "name": "ses_mail_from_mx",
      "provider": "provider[\"registry.terraform.io/cloudflare/cloudflare\"]",
      "instances": [
        {
          "schema_version": 3,
          "attributes": {
            "allow_overwrite": null,
            "comment": "AWS SES custom MAIL FROM - bounce handling",
            "content": null,
            "created_on": "2026-03-04T12:52:50.309894Z",
            "data": [],
            "hostname": "mail.diegonmarcos.com",
            "id": "8c0c46d0e9112167bfd2f8a48b403520",
            "metadata": {},
            "modified_on": "2026-03-04T12:52:50.309894Z",
            "name": "mail",
            "priority": 10,
            "proxiable": false,
            "proxied": false,
            "tags": [],
            "timeouts": null,
            "ttl": 300,
            "type": "MX",
            "value": null,
            "zone_id": "ff4335cc9c7de42e580d0dff9a0d70eb"
          },
          "sensitive_attributes": [],
          "private": "eyJlMmJmYjczMC1lY2FhLTExZTYtOGY4OC0zNDM2M2JjN2M0YzAiOnsiY3JlYXRlIjozMDAwMDAwMDAwMCwidXBkYXRlIjozMDAwMDAwMDAwMH0sInNjaGVtYV92ZXJzaW9uIjoiMyJ9"
        }
      ]
    },
    {
      "mode": "managed",
      "type": "cloudflare_record",
      "name": "ses_mail_from_spf",
      "provider": "provider[\"registry.terraform.io/cloudflare/cloudflare\"]",
      "instances": [
        {
          "schema_version": 3,
          "attributes": {
            "allow_overwrite": null,
            "comment": "AWS SES custom MAIL FROM - SPF for bounce subdomain",
            "content": null,
            "created_on": "2026-03-04T12:52:49.582213Z",
            "data": [],
            "hostname": "mail.diegonmarcos.com",
            "id": "9eb43b90f2c15eda29225e84b671eeab",
            "metadata": {},
            "modified_on": "2026-03-04T12:52:49.582213Z",
            "name": "mail",
            "priority": null,
            "proxiable": false,
            "proxied": false,
            "tags": [],
            "timeouts": null,
            "ttl": 300,
            "type": "TXT",
            "value": null,
            "zone_id": "ff4335cc9c7de42e580d0dff9a0d70eb"
          },
          "sensitive_attributes": [],
          "private": "eyJlMmJmYjczMC1lY2FhLTExZTYtOGY4OC0zNDM2M2JjN2M0YzAiOnsiY3JlYXRlIjozMDAwMDAwMDAwMCwidXBkYXRlIjozMDAwMDAwMDAwMH0sInNjaGVtYV92ZXJzaW9uIjoiMyJ9"
        }
      ]
    },
    {
      "mode": "managed",
      "type": "cloudflare_record",
      "name": "ses_verification",
      "provider": "provider[\"registry.terraform.io/cloudflare/cloudflare\"]",
      "instances": [
        {
          "schema_version": 3,
          "attributes": {
            "allow_overwrite": null,
            "comment": "AWS SES domain verification",
            "content": null,
            "created_on": "2026-03-04T12:52:50.059647Z",
            "data": [],
            "hostname": "_amazonses.diegonmarcos.com",
            "id": "6a87aadb9eafa5a3beb54a5abfcb008f",
            "metadata": {},
            "modified_on": "2026-03-04T12:52:50.059647Z",
            "name": "_amazonses",
            "priority": null,
            "proxiable": false,
            "proxied": false,
            "tags": [],
            "timeouts": null,
            "ttl": 300,
            "type": "TXT",
            "value": null,
            "zone_id": "ff4335cc9c7de42e580d0dff9a0d70eb"
          },
          "sensitive_attributes": [],
          "private": "eyJlMmJmYjczMC1lY2FhLTExZTYtOGY4OC0zNDM2M2JjN2M0YzAiOnsiY3JlYXRlIjozMDAwMDAwMDAwMCwidXBkYXRlIjozMDAwMDAwMDAwMH0sInNjaGVtYV92ZXJzaW9uIjoiMyJ9"
        }
      ]
    },
    {
      "mode": "managed",
      "type": "cloudflare_record",
      "name": "smtp",
      "provider": "provider[\"registry.terraform.io/cloudflare/cloudflare\"]",
      "instances": [
        {
          "schema_version": 3,
          "attributes": {
            "allow_overwrite": null,
            "comment": "SMTP direct to oci-mail - used in SPF + outbound SMTP client config",
            "content": null,
            "created_on": "2025-12-10T17:33:38.317973Z",
            "data": [],
            "hostname": "smtp.diegonmarcos.com",
            "id": "2e9efd8c876bf9df74b31ef694032bd8",
            "metadata": {},
            "modified_on": "2026-02-19T18:28:35.056251Z",
            "name": "smtp",
            "priority": null,
            "proxiable": true,
            "proxied": false,
            "tags": [],
            "timeouts": null,
            "ttl": 300,
            "type": "A",
            "value": null,
            "zone_id": "ff4335cc9c7de42e580d0dff9a0d70eb"
          },
          "sensitive_attributes": [],
          "private": "eyJlMmJmYjczMC1lY2FhLTExZTYtOGY4OC0zNDM2M2JjN2M0YzAiOnsiY3JlYXRlIjozMDAwMDAwMDAwMCwidXBkYXRlIjozMDAwMDAwMDAwMH0sInNjaGVtYV92ZXJzaW9uIjoiMyJ9"
        }
      ]
    },
    {
      "mode": "managed",
      "type": "cloudflare_record",
      "name": "smtp_proxy_tunnel",
      "provider": "provider[\"registry.terraform.io/cloudflare/cloudflare\"]",
      "instances": [
        {
          "schema_version": 3,
          "attributes": {
            "allow_overwrite": null,
            "comment": "Cloudflare Tunnel → smtp-proxy on oci-mail",
            "content": null,
            "created_on": "2025-12-07T19:24:41.032148Z",
            "data": [],
            "hostname": "smtp-proxy.diegonmarcos.com",
            "id": "a79243b4809e0f48f44dcb9a4789d1cc",
            "metadata": {},
            "modified_on": "2026-03-11T09:36:53.981025Z",
            "name": "smtp-proxy",
            "priority": null,
            "proxiable": true,
            "proxied": true,
            "tags": [],
            "timeouts": null,
            "ttl": 1,
            "type": "CNAME",
            "value": null,
            "zone_id": "ff4335cc9c7de42e580d0dff9a0d70eb"
          },
          "sensitive_attributes": [],
          "private": "eyJlMmJmYjczMC1lY2FhLTExZTYtOGY4OC0zNDM2M2JjN2M0YzAiOnsiY3JlYXRlIjozMDAwMDAwMDAwMCwidXBkYXRlIjozMDAwMDAwMDAwMH0sInNjaGVtYV92ZXJzaW9uIjoiMyJ9"
        }
      ]
    },
    {
      "mode": "managed",
      "type": "cloudflare_record",
      "name": "spf",
      "provider": "provider[\"registry.terraform.io/cloudflare/cloudflare\"]",
      "instances": [
        {
          "schema_version": 3,
          "attributes": {
            "allow_overwrite": null,
            "comment": "SPF: CF Email Routing + AWS SES (primary) + OCI relay (fallback) + Mailu.",
            "content": null,
            "created_on": "2026-02-19T18:28:36.273429Z",
            "data": [],
            "hostname": "diegonmarcos.com",
            "id": "703c77b358a32758a9ef288f31bcc71c",
            "metadata": {},
            "modified_on": "2026-03-04T12:52:50.617579Z",
            "name": "diegonmarcos.com",
            "priority": null,
            "proxiable": false,
            "proxied": false,
            "tags": [],
            "timeouts": null,
            "ttl": 300,
            "type": "TXT",
            "value": null,
            "zone_id": "ff4335cc9c7de42e580d0dff9a0d70eb"
          },
          "sensitive_attributes": [],
          "private": "eyJlMmJmYjczMC1lY2FhLTExZTYtOGY4OC0zNDM2M2JjN2M0YzAiOnsiY3JlYXRlIjozMDAwMDAwMDAwMCwidXBkYXRlIjozMDAwMDAwMDAwMH0sInNjaGVtYV92ZXJzaW9uIjoiMyJ9"
        }
      ]
    },
    {
      "mode": "managed",
      "type": "cloudflare_record",
      "name": "suite",
      "provider": "provider[\"registry.terraform.io/cloudflare/cloudflare\"]",
      "instances": [
        {
          "schema_version": 3,
          "attributes": {
            "allow_overwrite": null,
            "comment": "",
            "content": null,
            "created_on": "2026-02-13T14:00:38.078689Z",
            "data": [],
            "hostname": "suite.diegonmarcos.com",
            "id": "2388324d4b52e73c706517dfadd2d06d",
            "metadata": {},
            "modified_on": "2026-02-19T18:28:24.765299Z",
            "name": "suite",
            "priority": null,
            "proxiable": true,
            "proxied": false,
            "tags": [],
            "timeouts": null,
            "ttl": 300,
            "type": "A",
            "value": null,
            "zone_id": "ff4335cc9c7de42e580d0dff9a0d70eb"
          },
          "sensitive_attributes": [],
          "private": "eyJlMmJmYjczMC1lY2FhLTExZTYtOGY4OC0zNDM2M2JjN2M0YzAiOnsiY3JlYXRlIjozMDAwMDAwMDAwMCwidXBkYXRlIjozMDAwMDAwMDAwMH0sInNjaGVtYV92ZXJzaW9uIjoiMyJ9"
        }
      ]
    },
    {
      "mode": "managed",
      "type": "cloudflare_record",
      "name": "vault",
      "provider": "provider[\"registry.terraform.io/cloudflare/cloudflare\"]",
      "instances": [
        {
          "schema_version": 3,
          "attributes": {
            "allow_overwrite": null,
            "comment": "Vaultwarden via Caddy on GCP",
            "content": null,
            "created_on": "2026-02-02T18:25:08.913643Z",
            "data": [],
            "hostname": "vault.diegonmarcos.com",
            "id": "9701c779e563ad3f46bacdd89cd721e2",
            "metadata": {},
            "modified_on": "2026-02-19T18:28:25.69531Z",
            "name": "vault",
            "priority": null,
            "proxiable": true,
            "proxied": false,
            "tags": [],
            "timeouts": null,
            "ttl": 300,
            "type": "A",
            "value": null,
            "zone_id": "ff4335cc9c7de42e580d0dff9a0d70eb"
          },
          "sensitive_attributes": [],
          "private": "eyJlMmJmYjczMC1lY2FhLTExZTYtOGY4OC0zNDM2M2JjN2M0YzAiOnsiY3JlYXRlIjozMDAwMDAwMDAwMCwidXBkYXRlIjozMDAwMDAwMDAwMH0sInNjaGVtYV92ZXJzaW9uIjoiMyJ9"
        }
      ]
    },
    {
      "mode": "managed",
      "type": "cloudflare_record",
      "name": "wildcard",
      "provider": "provider[\"registry.terraform.io/cloudflare/cloudflare\"]",
      "instances": [
        {
          "schema_version": 3,
          "attributes": {
            "allow_overwrite": null,
            "comment": "Wildcard catch-all → GCP Caddy",
            "content": null,
            "created_on": "2026-02-13T21:00:18.192084Z",
            "data": [],
            "hostname": "*.diegonmarcos.com",
            "id": "ab0ddf9cae397e9d5d59ad05efd6551d",
            "metadata": {},
            "modified_on": "2026-02-19T18:28:30.843584Z",
            "name": "*",
            "priority": null,
            "proxiable": true,
            "proxied": false,
            "tags": [],
            "timeouts": null,
            "ttl": 1,
            "type": "A",
            "value": null,
            "zone_id": "ff4335cc9c7de42e580d0dff9a0d70eb"
          },
          "sensitive_attributes": [],
          "private": "eyJlMmJmYjczMC1lY2FhLTExZTYtOGY4OC0zNDM2M2JjN2M0YzAiOnsiY3JlYXRlIjozMDAwMDAwMDAwMCwidXBkYXRlIjozMDAwMDAwMDAwMH0sInNjaGVtYV92ZXJzaW9uIjoiMyJ9"
        }
      ]
    },
    {
      "mode": "managed",
      "type": "cloudflare_record",
      "name": "www",
      "provider": "provider[\"registry.terraform.io/cloudflare/cloudflare\"]",
      "instances": [
        {
          "schema_version": 3,
          "attributes": {
            "allow_overwrite": null,
            "comment": "",
            "content": null,
            "created_on": "2025-12-18T19:22:25.893221Z",
            "data": [],
            "hostname": "www.diegonmarcos.com",
            "id": "5aac849228e1d77b1b2d8a8a6e8eb829",
            "metadata": {},
            "modified_on": "2026-02-13T18:25:55.201456Z",
            "name": "www",
            "priority": null,
            "proxiable": true,
            "proxied": false,
            "tags": [],
            "timeouts": null,
            "ttl": 300,
            "type": "A",
            "value": null,
            "zone_id": "ff4335cc9c7de42e580d0dff9a0d70eb"
          },
          "sensitive_attributes": [],
          "private": "eyJlMmJmYjczMC1lY2FhLTExZTYtOGY4OC0zNDM2M2JjN2M0YzAiOnsiY3JlYXRlIjozMDAwMDAwMDAwMCwidXBkYXRlIjozMDAwMDAwMDAwMH0sInNjaGVtYV92ZXJzaW9uIjoiMyJ9"
        }
      ]
    },
    {
      "mode": "managed",
      "type": "cloudflare_zero_trust_tunnel_cloudflared_config",
      "name": "smtp_proxy",
      "provider": "provider[\"registry.terraform.io/cloudflare/cloudflare\"]",
      "instances": [
        {
          "schema_version": 0,
          "attributes": {
            "account_id": "e5cb0a0c6f448e54f217de484259f0ae",
            "config": [
              {
                "ingress_rule": [
                  {
                    "hostname": "smtp-proxy.diegonmarcos.com",
                    "origin_request": [],
                    "path": "",
                    "service": "http://localhost:8080"
                  },
                  {
                    "hostname": "",
                    "origin_request": [],
                    "path": "",
                    "service": "http_status:404"
                  }
                ],
                "origin_request": [],
                "warp_routing": []
              }
            ],
            "id": "90b644ed-1339-4fbe-a467-687012aa84ae",
            "tunnel_id": "90b644ed-1339-4fbe-a467-687012aa84ae"
          },
          "sensitive_attributes": [],
          "private": "bnVsbA=="
        }
      ]
    },
    {
      "mode": "managed",
      "type": "cloudflare_zone_settings_override",
      "name": "ssl_settings",
      "provider": "provider[\"registry.terraform.io/cloudflare/cloudflare\"]",
      "instances": [
        {
          "schema_version": 2,
          "attributes": {
            "id": "ff4335cc9c7de42e580d0dff9a0d70eb",
            "initial_settings": [
              {
                "aegis": [
                  {
                    "enabled": false,
                    "pool_id": ""
                  }
                ],
                "always_online": "off",
                "always_use_https": "on",
                "automatic_https_rewrites": "on",
                "binary_ast": "off",
                "brotli": "on",
                "browser_cache_ttl": 14400,
                "browser_check": "on",
                "cache_level": "aggressive",
                "challenge_ttl": 1800,
                "ciphers": [],
                "cname_flattening": "flatten_at_root",
                "development_mode": "off",
                "early_hints": "off",
                "email_obfuscation": "on",
                "filter_logs_to_cloudflare": "off",
                "fonts": "off",
                "h2_prioritization": "off",
                "hotlink_protection": "off",
                "http2": "on",
                "http3": "on",
                "image_resizing": "off",
                "ip_geolocation": "on",
                "ipv6": "on",
                "log_to_cloudflare": "on",
                "max_upload": 100,
                "min_tls_version": "1.2",
                "minify": [],
                "mirage": "off",
                "mobile_redirect": [],
                "nel": [
                  {
                    "enabled": true
                  }
                ],
                "opportunistic_encryption": "on",
                "opportunistic_onion": "on",
                "orange_to_orange": "off",
                "origin_error_page_pass_thru": "off",
                "origin_max_http_version": "2",
                "polish": "off",
                "prefetch_preload": "off",
                "privacy_pass": "on",
                "proxy_read_timeout": "100",
                "pseudo_ipv4": "off",
                "replace_insecure_js": "on",
                "response_buffering": "off",
                "rocket_loader": "off",
                "security_header": [
                  {
                    "enabled": false,
                    "include_subdomains": false,
                    "max_age": 0,
                    "nosniff": false,
                    "preload": false
                  }
                ],
                "security_level": "medium",
                "server_side_exclude": "on",
                "sort_query_string_for_cache": "off",
                "speed_brain": "off",
                "ssl": "full",
                "ssl_automatic_mode": "custom",
                "tls_1_2_only": "off",
                "tls_1_3": "on",
                "tls_client_auth": "off",
                "true_client_ip_header": "off",
                "universal_ssl": "",
                "visitor_ip": "on",
                "waf": "off",
                "webp": "off",
                "websockets": "on",
                "zero_rtt": "off"
              }
            ],
            "initial_settings_read_at": "2026-03-11T10:06:31.676868457Z",
            "readonly_settings": [
              "advanced_ddos",
              "http2",
              "long_lived_grpc",
              "mirage",
              "origin_error_page_pass_thru",
              "polish",
              "prefetch_preload",
              "proxy_read_timeout",
              "response_buffering",
              "sort_query_string_for_cache",
              "true_client_ip_header",
              "webp",
              "image_resizing"
            ],
            "settings": [
              {
                "aegis": [],
                "always_online": "",
                "always_use_https": "on",
                "automatic_https_rewrites": "on",
                "binary_ast": "",
                "brotli": "",
                "browser_cache_ttl": 0,
                "browser_check": "",
                "cache_level": "",
                "challenge_ttl": 0,
                "ciphers": [],
                "cname_flattening": "",
                "development_mode": "",
                "early_hints": "",
                "email_obfuscation": "",
                "filter_logs_to_cloudflare": "",
                "fonts": "",
                "h2_prioritization": "",
                "hotlink_protection": "",
                "http2": "",
                "http3": "",
                "image_resizing": "",
                "ip_geolocation": "",
                "ipv6": "",
                "log_to_cloudflare": "",
                "max_upload": 0,
                "min_tls_version": "1.2",
                "minify": [],
                "mirage": "",
                "mobile_redirect": [],
                "nel": [],
                "opportunistic_encryption": "on",
                "opportunistic_onion": "",
                "orange_to_orange": "",
                "origin_error_page_pass_thru": "",
                "origin_max_http_version": "",
                "polish": "",
                "prefetch_preload": "",
                "privacy_pass": "",
                "proxy_read_timeout": "",
                "pseudo_ipv4": "",
                "replace_insecure_js": "",
                "response_buffering": "",
                "rocket_loader": "",
                "security_header": [],
                "security_level": "",
                "server_side_exclude": "",
                "sort_query_string_for_cache": "",
                "speed_brain": "",
                "ssl": "full",
                "ssl_automatic_mode": "",
                "tls_1_2_only": "",
                "tls_1_3": "",
                "tls_client_auth": "",
                "true_client_ip_header": "",
                "universal_ssl": "",
                "visitor_ip": "",
                "waf": "",
                "webp": "",
                "websockets": "",
                "zero_rtt": ""
              }
            ],
            "zone_id": "ff4335cc9c7de42e580d0dff9a0d70eb",
            "zone_status": "active",
            "zone_type": "full"
          },
          "sensitive_attributes": [],
          "private": "eyJzY2hlbWFfdmVyc2lvbiI6IjIifQ=="
        }
      ]
    }
  ],
  "check_results": null
}
