{
  "nodes": {
    "declared-data": {
      "flake": false,
      "locked": {
        "lastModified": 1,
        "narHash": "sha256-Q7QgZ4IKRoQpky034LjB4XdSSUXizl2G/6k/qr7Ttys=",
        "path": "../../data",
        "type": "path"
      },
      "original": {
        "path": "../../data",
        "type": "path"
      }
    },
    "nixpkgs": {
      "locked": {
        "lastModified": 1751274312,
        "narHash": "sha256-/bVBlRpECLVzjV19t5KMdMFWSwKLtb5RyXdjz3LJT+g=",
        "owner": "NixOS",
        "repo": "nixpkgs",
        "rev": "50ab793786d9de88ee30ec4e4c24fb4236fc2674",
        "type": "github"
      },
      "original": {
        "owner": "NixOS",
        "ref": "nixos-24.11",
        "repo": "nixpkgs",
        "type": "github"
      }
    },
    "root": {
      "inputs": {
        "declared-data": "declared-data",
        "nixpkgs": "nixpkgs"
      }
    }
  },
  "root": "root",
  "version": 7
}
